
Microsoft Visual Studio Solution File, Format Version 12.00
# Visual Studio Version 17
VisualStudioVersion = 17.11.35222.181
MinimumVisualStudioVersion = 10.0.40219.1
Project("{888888A0-9F3D-457C-B088-3A5042F75D52}") = "TicTacToeDoubleDQN_1223421", "TicTacToeDoubleDQN_1223421.pyproj", "{9F553CF6-8613-44B8-9AE5-C96512ABAC5F}"
EndProject
Global
	GlobalSection(SolutionConfigurationPlatforms) = preSolution
		Debug|Any CPU = Debug|Any CPU
		Release|Any CPU = Release|Any CPU
	EndGlobalSection
	GlobalSection(ProjectConfigurationPlatforms) = postSolution
		{9F553CF6-8613-44B8-9AE5-C96512ABAC5F}.Debug|Any CPU.ActiveCfg = Debug|Any CPU
		{9F553CF6-8613-44B8-9AE5-C96512ABAC5F}.Release|Any CPU.ActiveCfg = Release|Any CPU
	EndGlobalSection
	GlobalSection(SolutionProperties) = preSolution
		HideSolutionNode = FALSE
	EndGlobalSection
	GlobalSection(ExtensibilityGlobals) = postSolution
		SolutionGuid = {C779C3AA-16D8-4831-9E1E-021DF3ADAF4B}
	EndGlobalSection
EndGlobal
